
Microsoft Visual Studio Solution File, Format Version 11.00
# Visual Studio 2010
Project("{FAE04EC0-301F-11D3-BF4B-00C04F79EFBC}") = "Assembly-CSharp", "Assembly-CSharp.csproj", "{804A7D8A-0B49-84EC-827F-112BC20471A3}"
EndProject
Global
	GlobalSection(SolutionConfigurationPlatforms) = preSolution
		Debug|Any CPU = Debug|Any CPU
	EndGlobalSection
	GlobalSection(ProjectConfigurationPlatforms) = postSolution
		{5cee9670-1b6c-d710-bdfe-b2bd88100574}.Debug|Any CPU.ActiveCfg = Debug|Any CPU
		{5cee9670-1b6c-d710-bdfe-b2bd88100574}.Debug|Any CPU.Build.0 = Debug|Any CPU
		{5fa5a7e0-84ed-323c-794b-b9465de0b371}.Debug|Any CPU.ActiveCfg = Debug|Any CPU
		{5fa5a7e0-84ed-323c-794b-b9465de0b371}.Debug|Any CPU.Build.0 = Debug|Any CPU
		{a2115723-466f-de29-d38a-a6aa0984c81f}.Debug|Any CPU.ActiveCfg = Debug|Any CPU
		{a2115723-466f-de29-d38a-a6aa0984c81f}.Debug|Any CPU.Build.0 = Debug|Any CPU
		{7cc364a3-ffd8-be40-d09e-fdf4149b0afb}.Debug|Any CPU.ActiveCfg = Debug|Any CPU
		{7cc364a3-ffd8-be40-d09e-fdf4149b0afb}.Debug|Any CPU.Build.0 = Debug|Any CPU
		{658dd976-37ce-4bc6-cdce-d9234bdbbb7d}.Debug|Any CPU.ActiveCfg = Debug|Any CPU
		{658dd976-37ce-4bc6-cdce-d9234bdbbb7d}.Debug|Any CPU.Build.0 = Debug|Any CPU
		{8a7d4a80-490b-ec84-827f-112bc20471a3}.Debug|Any CPU.ActiveCfg = Debug|Any CPU
		{8a7d4a80-490b-ec84-827f-112bc20471a3}.Debug|Any CPU.Build.0 = Debug|Any CPU
		{29229645-a656-8282-2a44-62088d5929f1}.Debug|Any CPU.ActiveCfg = Debug|Any CPU
		{29229645-a656-8282-2a44-62088d5929f1}.Debug|Any CPU.Build.0 = Debug|Any CPU
		{b69ed500-3747-ce92-cee2-e951f286b75a}.Debug|Any CPU.ActiveCfg = Debug|Any CPU
		{b69ed500-3747-ce92-cee2-e951f286b75a}.Debug|Any CPU.Build.0 = Debug|Any CPU
		{a36a53a7-5711-9382-a938-fd858ce4ef8d}.Debug|Any CPU.ActiveCfg = Debug|Any CPU
		{a36a53a7-5711-9382-a938-fd858ce4ef8d}.Debug|Any CPU.Build.0 = Debug|Any CPU
		{ac242ab7-3719-3bdd-7279-bb63b6e32c91}.Debug|Any CPU.ActiveCfg = Debug|Any CPU
		{ac242ab7-3719-3bdd-7279-bb63b6e32c91}.Debug|Any CPU.Build.0 = Debug|Any CPU
		{254ceb10-9a01-e0d9-b7ac-7df215dea114}.Debug|Any CPU.ActiveCfg = Debug|Any CPU
		{254ceb10-9a01-e0d9-b7ac-7df215dea114}.Debug|Any CPU.Build.0 = Debug|Any CPU
		{736cc3e0-11a7-3e1e-612c-7c2225ec945c}.Debug|Any CPU.ActiveCfg = Debug|Any CPU
		{736cc3e0-11a7-3e1e-612c-7c2225ec945c}.Debug|Any CPU.Build.0 = Debug|Any CPU
		{ec5610b2-eece-d9b7-db42-1bc17ef6a21d}.Debug|Any CPU.ActiveCfg = Debug|Any CPU
		{ec5610b2-eece-d9b7-db42-1bc17ef6a21d}.Debug|Any CPU.Build.0 = Debug|Any CPU
		{22c0e88b-be5d-5ff9-48ea-8e637fdf5e7a}.Debug|Any CPU.ActiveCfg = Debug|Any CPU
		{22c0e88b-be5d-5ff9-48ea-8e637fdf5e7a}.Debug|Any CPU.Build.0 = Debug|Any CPU
		{8d954593-7147-0931-ca04-c9b66397992e}.Debug|Any CPU.ActiveCfg = Debug|Any CPU
		{8d954593-7147-0931-ca04-c9b66397992e}.Debug|Any CPU.Build.0 = Debug|Any CPU
		{1c6ada40-6a8b-211c-02fe-4929fb8d9ea1}.Debug|Any CPU.ActiveCfg = Debug|Any CPU
		{1c6ada40-6a8b-211c-02fe-4929fb8d9ea1}.Debug|Any CPU.Build.0 = Debug|Any CPU
		{cc18e952-a99d-b5a5-ed9a-fd20fbb3db74}.Debug|Any CPU.ActiveCfg = Debug|Any CPU
		{cc18e952-a99d-b5a5-ed9a-fd20fbb3db74}.Debug|Any CPU.Build.0 = Debug|Any CPU
		{a710bb1e-8a2b-cb7d-2b11-83e1344f5b17}.Debug|Any CPU.ActiveCfg = Debug|Any CPU
		{a710bb1e-8a2b-cb7d-2b11-83e1344f5b17}.Debug|Any CPU.Build.0 = Debug|Any CPU
		{eaa1d39e-2a57-a2f8-a4a8-7d704724323e}.Debug|Any CPU.ActiveCfg = Debug|Any CPU
		{eaa1d39e-2a57-a2f8-a4a8-7d704724323e}.Debug|Any CPU.Build.0 = Debug|Any CPU
		{7fa3ece0-bd88-71e6-e65d-19350c94037a}.Debug|Any CPU.ActiveCfg = Debug|Any CPU
		{7fa3ece0-bd88-71e6-e65d-19350c94037a}.Debug|Any CPU.Build.0 = Debug|Any CPU
		{e44003bc-f767-ec8b-6ffe-371f61c4ed84}.Debug|Any CPU.ActiveCfg = Debug|Any CPU
		{e44003bc-f767-ec8b-6ffe-371f61c4ed84}.Debug|Any CPU.Build.0 = Debug|Any CPU
		{43b9412d-b1d8-b074-635a-a73cbe4531a6}.Debug|Any CPU.ActiveCfg = Debug|Any CPU
		{43b9412d-b1d8-b074-635a-a73cbe4531a6}.Debug|Any CPU.Build.0 = Debug|Any CPU
		{c2506ff8-2f5c-da41-9515-3f34f0790452}.Debug|Any CPU.ActiveCfg = Debug|Any CPU
		{c2506ff8-2f5c-da41-9515-3f34f0790452}.Debug|Any CPU.Build.0 = Debug|Any CPU
		{b3f06afc-a4cc-1311-5127-053d8038bb55}.Debug|Any CPU.ActiveCfg = Debug|Any CPU
		{b3f06afc-a4cc-1311-5127-053d8038bb55}.Debug|Any CPU.Build.0 = Debug|Any CPU
		{cec01865-0dde-eff3-401e-ceccadc3577a}.Debug|Any CPU.ActiveCfg = Debug|Any CPU
		{cec01865-0dde-eff3-401e-ceccadc3577a}.Debug|Any CPU.Build.0 = Debug|Any CPU
		{3495df3b-0278-24e3-431f-16fb1e0702d5}.Debug|Any CPU.ActiveCfg = Debug|Any CPU
		{3495df3b-0278-24e3-431f-16fb1e0702d5}.Debug|Any CPU.Build.0 = Debug|Any CPU
		{50aa728e-3968-cfa9-8eb9-8d1a3f39e019}.Debug|Any CPU.ActiveCfg = Debug|Any CPU
		{50aa728e-3968-cfa9-8eb9-8d1a3f39e019}.Debug|Any CPU.Build.0 = Debug|Any CPU
		{4ed58faf-c352-d216-5910-3ed7bdd9f4d9}.Debug|Any CPU.ActiveCfg = Debug|Any CPU
		{4ed58faf-c352-d216-5910-3ed7bdd9f4d9}.Debug|Any CPU.Build.0 = Debug|Any CPU
		{565d6a09-9c4e-7bbc-f9ad-c1fd70d05a24}.Debug|Any CPU.ActiveCfg = Debug|Any CPU
		{565d6a09-9c4e-7bbc-f9ad-c1fd70d05a24}.Debug|Any CPU.Build.0 = Debug|Any CPU
		{6f5e6b08-e2d7-634c-e0c2-19109bb1a476}.Debug|Any CPU.ActiveCfg = Debug|Any CPU
		{6f5e6b08-e2d7-634c-e0c2-19109bb1a476}.Debug|Any CPU.Build.0 = Debug|Any CPU
		{304bd268-5293-5cec-9a92-5bd3b8fafbe6}.Debug|Any CPU.ActiveCfg = Debug|Any CPU
		{304bd268-5293-5cec-9a92-5bd3b8fafbe6}.Debug|Any CPU.Build.0 = Debug|Any CPU
		{10f83143-c4d2-b65f-bca6-33c1d5512659}.Debug|Any CPU.ActiveCfg = Debug|Any CPU
		{10f83143-c4d2-b65f-bca6-33c1d5512659}.Debug|Any CPU.Build.0 = Debug|Any CPU
		{55ee6268-6258-3b95-8beb-76b9e601a668}.Debug|Any CPU.ActiveCfg = Debug|Any CPU
		{55ee6268-6258-3b95-8beb-76b9e601a668}.Debug|Any CPU.Build.0 = Debug|Any CPU
		{5c6075b6-8960-c677-1393-13efaa5a2705}.Debug|Any CPU.ActiveCfg = Debug|Any CPU
		{5c6075b6-8960-c677-1393-13efaa5a2705}.Debug|Any CPU.Build.0 = Debug|Any CPU
	EndGlobalSection
	GlobalSection(SolutionProperties) = preSolution
		HideSolutionNode = FALSE
	EndGlobalSection
EndGlobal
