
Microsoft Visual Studio Solution File, Format Version 12.00
# Visual Studio 15
Project("{FAE04EC0-301F-11D3-BF4B-00C04F79EFBC}") = "UnityEngine.UI", "UnityEngine.UI.csproj", "{7096EE5C-6C1B-10D7-BDFE-B2BD88100574}"
EndProject
Project("{FAE04EC0-301F-11D3-BF4B-00C04F79EFBC}") = "UnityEngine.TestRunner", "UnityEngine.TestRunner.csproj", "{E0A7A55F-ED84-3C32-794B-B9465DE0B371}"
EndProject
Project("{FAE04EC0-301F-11D3-BF4B-00C04F79EFBC}") = "Unity.Mathematics", "Unity.Mathematics.csproj", "{235711A2-6F46-29DE-D38A-A6AA0984C81F}"
EndProject
Project("{FAE04EC0-301F-11D3-BF4B-00C04F79EFBC}") = "Unity.2D.Animation.Triangle.Runtime", "Unity.2D.Animation.Triangle.Runtime.csproj", "{A364C37C-D8FF-40BE-D09E-FDF4149B0AFB}"
EndProject
Project("{FAE04EC0-301F-11D3-BF4B-00C04F79EFBC}") = "Unity.Timeline", "Unity.Timeline.csproj", "{76D98D65-CE37-C64B-CDCE-D9234BDBBB7D}"
EndProject
Project("{FAE04EC0-301F-11D3-BF4B-00C04F79EFBC}") = "Assembly-CSharp", "Assembly-CSharp.csproj", "{804A7D8A-0B49-84EC-827F-112BC20471A3}"
EndProject
Project("{FAE04EC0-301F-11D3-BF4B-00C04F79EFBC}") = "Unity.TextMeshPro", "Unity.TextMeshPro.csproj", "{45962229-56A6-8282-2A44-62088D5929F1}"
EndProject
Project("{FAE04EC0-301F-11D3-BF4B-00C04F79EFBC}") = "Unity.2D.Animation.Runtime", "Unity.2D.Animation.Runtime.csproj", "{00D59EB6-4737-92CE-CEE2-E951F286B75A}"
EndProject
Project("{FAE04EC0-301F-11D3-BF4B-00C04F79EFBC}") = "Unity.2D.IK.Runtime", "Unity.2D.IK.Runtime.csproj", "{A7536AA3-1157-8293-A938-FD858CE4EF8D}"
EndProject
Project("{FAE04EC0-301F-11D3-BF4B-00C04F79EFBC}") = "Unity.2D.SpriteShape.Runtime", "Unity.2D.SpriteShape.Runtime.csproj", "{B72A24AC-1937-DD3B-7279-BB63B6E32C91}"
EndProject
Project("{FAE04EC0-301F-11D3-BF4B-00C04F79EFBC}") = "Unity.2D.PixelPerfect", "Unity.2D.PixelPerfect.csproj", "{10EB4C25-019A-D9E0-B7AC-7DF215DEA114}"
EndProject
Project("{FAE04EC0-301F-11D3-BF4B-00C04F79EFBC}") = "Unity.2D.Common.Runtime", "Unity.2D.Common.Runtime.csproj", "{E0C36C73-A711-1E3E-612C-7C2225EC945C}"
EndProject
Project("{FAE04EC0-301F-11D3-BF4B-00C04F79EFBC}") = "Unity.InternalAPIEngineBridge.001", "Unity.InternalAPIEngineBridge.001.csproj", "{B21056EC-CEEE-B7D9-DB42-1BC17EF6A21D}"
EndProject
Project("{FAE04EC0-301F-11D3-BF4B-00C04F79EFBC}") = "UnityEditor.TestRunner", "UnityEditor.TestRunner.csproj", "{8BE8C022-5DBE-F95F-48EA-8E637FDF5E7A}"
EndProject
Project("{FAE04EC0-301F-11D3-BF4B-00C04F79EFBC}") = "com.unity.quicksearch", "com.unity.quicksearch.csproj", "{9345958D-4771-3109-CA04-C9B66397992E}"
EndProject
Project("{FAE04EC0-301F-11D3-BF4B-00C04F79EFBC}") = "UnityEditor.UI", "UnityEditor.UI.csproj", "{40DA6A1C-8B6A-1C21-02FE-4929FB8D9EA1}"
EndProject
Project("{FAE04EC0-301F-11D3-BF4B-00C04F79EFBC}") = "Unity.Timeline.Editor", "Unity.Timeline.Editor.csproj", "{52E918CC-9DA9-A5B5-ED9A-FD20FBB3DB74}"
EndProject
Project("{FAE04EC0-301F-11D3-BF4B-00C04F79EFBC}") = "Unity.VisualStudio.Editor", "Unity.VisualStudio.Editor.csproj", "{1EBB10A7-2B8A-7DCB-2B11-83E1344F5B17}"
EndProject
Project("{FAE04EC0-301F-11D3-BF4B-00C04F79EFBC}") = "Unity.2D.Psdimporter.Editor", "Unity.2D.Psdimporter.Editor.csproj", "{9ED3A1EA-572A-F8A2-A4A8-7D704724323E}"
EndProject
Project("{FAE04EC0-301F-11D3-BF4B-00C04F79EFBC}") = "Unity.2D.Animation.Editor", "Unity.2D.Animation.Editor.csproj", "{E0ECA37F-88BD-E671-E65D-19350C94037A}"
EndProject
Project("{FAE04EC0-301F-11D3-BF4B-00C04F79EFBC}") = "Unity.TextMeshPro.Editor", "Unity.TextMeshPro.Editor.csproj", "{BC0340E4-67F7-8BEC-6FFE-371F61C4ED84}"
EndProject
Project("{FAE04EC0-301F-11D3-BF4B-00C04F79EFBC}") = "Unity.2D.SpriteShape.Editor", "Unity.2D.SpriteShape.Editor.csproj", "{2D41B943-D8B1-74B0-635A-A73CBE4531A6}"
EndProject
Project("{FAE04EC0-301F-11D3-BF4B-00C04F79EFBC}") = "Unity.CollabProxy.Editor", "Unity.CollabProxy.Editor.csproj", "{F86F50C2-5C2F-41DA-9515-3F34F0790452}"
EndProject
Project("{FAE04EC0-301F-11D3-BF4B-00C04F79EFBC}") = "PsdPlugin", "PsdPlugin.csproj", "{FC6AF0B3-CCA4-1113-5127-053D8038BB55}"
EndProject
Project("{FAE04EC0-301F-11D3-BF4B-00C04F79EFBC}") = "Unity.2D.Path.Editor", "Unity.2D.Path.Editor.csproj", "{6518C0CE-DE0D-F3EF-401E-CECCADC3577A}"
EndProject
Project("{FAE04EC0-301F-11D3-BF4B-00C04F79EFBC}") = "Unity.Rider.Editor", "Unity.Rider.Editor.csproj", "{3BDF9534-7802-E324-431F-16FB1E0702D5}"
EndProject
Project("{FAE04EC0-301F-11D3-BF4B-00C04F79EFBC}") = "Unity.2D.IK.Editor", "Unity.2D.IK.Editor.csproj", "{8E72AA50-6839-A9CF-8EB9-8D1A3F39E019}"
EndProject
Project("{FAE04EC0-301F-11D3-BF4B-00C04F79EFBC}") = "Unity.2D.Sprite.Editor", "Unity.2D.Sprite.Editor.csproj", "{AF8FD54E-52C3-16D2-5910-3ED7BDD9F4D9}"
EndProject
Project("{FAE04EC0-301F-11D3-BF4B-00C04F79EFBC}") = "Unity.2D.Tilemap.Editor", "Unity.2D.Tilemap.Editor.csproj", "{096A5D56-4E9C-BC7B-F9AD-C1FD70D05A24}"
EndProject
Project("{FAE04EC0-301F-11D3-BF4B-00C04F79EFBC}") = "Unity.2D.PixelPerfect.Editor", "Unity.2D.PixelPerfect.Editor.csproj", "{086B5E6F-D7E2-4C63-E0C2-19109BB1A476}"
EndProject
Project("{FAE04EC0-301F-11D3-BF4B-00C04F79EFBC}") = "Unity.VSCode.Editor", "Unity.VSCode.Editor.csproj", "{68D24B30-9352-EC5C-9A92-5BD3B8FAFBE6}"
EndProject
Project("{FAE04EC0-301F-11D3-BF4B-00C04F79EFBC}") = "Unity.2D.Common.Editor", "Unity.2D.Common.Editor.csproj", "{4331F810-D2C4-5FB6-BCA6-33C1D5512659}"
EndProject
Project("{FAE04EC0-301F-11D3-BF4B-00C04F79EFBC}") = "Unity.Mathematics.Editor", "Unity.Mathematics.Editor.csproj", "{6862EE55-5862-953B-8BEB-76B9E601A668}"
EndProject
Project("{FAE04EC0-301F-11D3-BF4B-00C04F79EFBC}") = "Unity.InternalAPIEditorBridge.001", "Unity.InternalAPIEditorBridge.001.csproj", "{B675605C-6089-77C6-1393-13EFAA5A2705}"
EndProject
Project("{FAE04EC0-301F-11D3-BF4B-00C04F79EFBC}") = "UnityEngine.UI", "UnityEngine.UI.Player.csproj", "{0C46D464-75EF-D470-0932-0C5027CB3E32}"
EndProject
Project("{FAE04EC0-301F-11D3-BF4B-00C04F79EFBC}") = "UnityEngine.TestRunner", "UnityEngine.TestRunner.Player.csproj", "{1A8C1876-E99A-EF2A-78E8-DE641F6F07A0}"
EndProject
Project("{FAE04EC0-301F-11D3-BF4B-00C04F79EFBC}") = "Unity.Mathematics", "Unity.Mathematics.Player.csproj", "{8331A232-6C6F-C5C6-0407-FFB37E85DD05}"
EndProject
Project("{FAE04EC0-301F-11D3-BF4B-00C04F79EFBC}") = "Unity.2D.Animation.Triangle.Runtime", "Unity.2D.Animation.Triangle.Runtime.Player.csproj", "{A3C6C786-A195-5561-5368-0BCA7AABEB83}"
EndProject
Project("{FAE04EC0-301F-11D3-BF4B-00C04F79EFBC}") = "Unity.Timeline", "Unity.Timeline.Player.csproj", "{9EB2B4C3-E271-AFC2-E813-55CEF393BC12}"
EndProject
Project("{FAE04EC0-301F-11D3-BF4B-00C04F79EFBC}") = "Assembly-CSharp", "Assembly-CSharp.Player.csproj", "{D1D17C87-5265-4E2F-3B1E-BEC1B48A1262}"
EndProject
Project("{FAE04EC0-301F-11D3-BF4B-00C04F79EFBC}") = "Unity.TextMeshPro", "Unity.TextMeshPro.Player.csproj", "{C4E11195-04D3-86B0-EB84-751B36C3564C}"
EndProject
Project("{FAE04EC0-301F-11D3-BF4B-00C04F79EFBC}") = "Unity.2D.Animation.Runtime", "Unity.2D.Animation.Runtime.Player.csproj", "{D23C7F9A-650F-2A54-52AB-80D8FA9A1B16}"
EndProject
Project("{FAE04EC0-301F-11D3-BF4B-00C04F79EFBC}") = "Unity.2D.IK.Runtime", "Unity.2D.IK.Runtime.Player.csproj", "{EC6C9B0C-5984-AA09-8855-140A59AC241A}"
EndProject
Project("{FAE04EC0-301F-11D3-BF4B-00C04F79EFBC}") = "Unity.2D.SpriteShape.Runtime", "Unity.2D.SpriteShape.Runtime.Player.csproj", "{8A1F5AC6-B95D-10FB-F84E-B075231E4581}"
EndProject
Project("{FAE04EC0-301F-11D3-BF4B-00C04F79EFBC}") = "Unity.2D.PixelPerfect", "Unity.2D.PixelPerfect.Player.csproj", "{0D4DECAA-FBBC-F980-31AF-E12B71E24261}"
EndProject
Project("{FAE04EC0-301F-11D3-BF4B-00C04F79EFBC}") = "Unity.2D.Common.Runtime", "Unity.2D.Common.Runtime.Player.csproj", "{910DE433-9666-D958-D0FF-3FB062980B85}"
EndProject
Project("{FAE04EC0-301F-11D3-BF4B-00C04F79EFBC}") = "Unity.InternalAPIEngineBridge.001", "Unity.InternalAPIEngineBridge.001.Player.csproj", "{E54FA617-2B4F-BBBD-303A-348062A72EC9}"
EndProject
Global
	GlobalSection(SolutionConfigurationPlatforms) = preSolution
		Debug|Any CPU = Debug|Any CPU
		Release|Any CPU = Release|Any CPU
	EndGlobalSection
	GlobalSection(ProjectConfigurationPlatforms) = postSolution
		{7096EE5C-6C1B-10D7-BDFE-B2BD88100574}.Debug|Any CPU.ActiveCfg = Debug|Any CPU
		{7096EE5C-6C1B-10D7-BDFE-B2BD88100574}.Debug|Any CPU.Build.0 = Debug|Any CPU
		{7096EE5C-6C1B-10D7-BDFE-B2BD88100574}.Release|Any CPU.ActiveCfg = Release|Any CPU
		{7096EE5C-6C1B-10D7-BDFE-B2BD88100574}.Release|Any CPU.Build.0 = Release|Any CPU
		{E0A7A55F-ED84-3C32-794B-B9465DE0B371}.Debug|Any CPU.ActiveCfg = Debug|Any CPU
		{E0A7A55F-ED84-3C32-794B-B9465DE0B371}.Debug|Any CPU.Build.0 = Debug|Any CPU
		{E0A7A55F-ED84-3C32-794B-B9465DE0B371}.Release|Any CPU.ActiveCfg = Release|Any CPU
		{E0A7A55F-ED84-3C32-794B-B9465DE0B371}.Release|Any CPU.Build.0 = Release|Any CPU
		{235711A2-6F46-29DE-D38A-A6AA0984C81F}.Debug|Any CPU.ActiveCfg = Debug|Any CPU
		{235711A2-6F46-29DE-D38A-A6AA0984C81F}.Debug|Any CPU.Build.0 = Debug|Any CPU
		{235711A2-6F46-29DE-D38A-A6AA0984C81F}.Release|Any CPU.ActiveCfg = Release|Any CPU
		{235711A2-6F46-29DE-D38A-A6AA0984C81F}.Release|Any CPU.Build.0 = Release|Any CPU
		{A364C37C-D8FF-40BE-D09E-FDF4149B0AFB}.Debug|Any CPU.ActiveCfg = Debug|Any CPU
		{A364C37C-D8FF-40BE-D09E-FDF4149B0AFB}.Debug|Any CPU.Build.0 = Debug|Any CPU
		{A364C37C-D8FF-40BE-D09E-FDF4149B0AFB}.Release|Any CPU.ActiveCfg = Release|Any CPU
		{A364C37C-D8FF-40BE-D09E-FDF4149B0AFB}.Release|Any CPU.Build.0 = Release|Any CPU
		{76D98D65-CE37-C64B-CDCE-D9234BDBBB7D}.Debug|Any CPU.ActiveCfg = Debug|Any CPU
		{76D98D65-CE37-C64B-CDCE-D9234BDBBB7D}.Debug|Any CPU.Build.0 = Debug|Any CPU
		{76D98D65-CE37-C64B-CDCE-D9234BDBBB7D}.Release|Any CPU.ActiveCfg = Release|Any CPU
		{76D98D65-CE37-C64B-CDCE-D9234BDBBB7D}.Release|Any CPU.Build.0 = Release|Any CPU
		{804A7D8A-0B49-84EC-827F-112BC20471A3}.Debug|Any CPU.ActiveCfg = Debug|Any CPU
		{804A7D8A-0B49-84EC-827F-112BC20471A3}.Debug|Any CPU.Build.0 = Debug|Any CPU
		{804A7D8A-0B49-84EC-827F-112BC20471A3}.Release|Any CPU.ActiveCfg = Release|Any CPU
		{804A7D8A-0B49-84EC-827F-112BC20471A3}.Release|Any CPU.Build.0 = Release|Any CPU
		{45962229-56A6-8282-2A44-62088D5929F1}.Debug|Any CPU.ActiveCfg = Debug|Any CPU
		{45962229-56A6-8282-2A44-62088D5929F1}.Debug|Any CPU.Build.0 = Debug|Any CPU
		{45962229-56A6-8282-2A44-62088D5929F1}.Release|Any CPU.ActiveCfg = Release|Any CPU
		{45962229-56A6-8282-2A44-62088D5929F1}.Release|Any CPU.Build.0 = Release|Any CPU
		{00D59EB6-4737-92CE-CEE2-E951F286B75A}.Debug|Any CPU.ActiveCfg = Debug|Any CPU
		{00D59EB6-4737-92CE-CEE2-E951F286B75A}.Debug|Any CPU.Build.0 = Debug|Any CPU
		{00D59EB6-4737-92CE-CEE2-E951F286B75A}.Release|Any CPU.ActiveCfg = Release|Any CPU
		{00D59EB6-4737-92CE-CEE2-E951F286B75A}.Release|Any CPU.Build.0 = Release|Any CPU
		{A7536AA3-1157-8293-A938-FD858CE4EF8D}.Debug|Any CPU.ActiveCfg = Debug|Any CPU
		{A7536AA3-1157-8293-A938-FD858CE4EF8D}.Debug|Any CPU.Build.0 = Debug|Any CPU
		{A7536AA3-1157-8293-A938-FD858CE4EF8D}.Release|Any CPU.ActiveCfg = Release|Any CPU
		{A7536AA3-1157-8293-A938-FD858CE4EF8D}.Release|Any CPU.Build.0 = Release|Any CPU
		{B72A24AC-1937-DD3B-7279-BB63B6E32C91}.Debug|Any CPU.ActiveCfg = Debug|Any CPU
		{B72A24AC-1937-DD3B-7279-BB63B6E32C91}.Debug|Any CPU.Build.0 = Debug|Any CPU
		{B72A24AC-1937-DD3B-7279-BB63B6E32C91}.Release|Any CPU.ActiveCfg = Release|Any CPU
		{B72A24AC-1937-DD3B-7279-BB63B6E32C91}.Release|Any CPU.Build.0 = Release|Any CPU
		{10EB4C25-019A-D9E0-B7AC-7DF215DEA114}.Debug|Any CPU.ActiveCfg = Debug|Any CPU
		{10EB4C25-019A-D9E0-B7AC-7DF215DEA114}.Debug|Any CPU.Build.0 = Debug|Any CPU
		{10EB4C25-019A-D9E0-B7AC-7DF215DEA114}.Release|Any CPU.ActiveCfg = Release|Any CPU
		{10EB4C25-019A-D9E0-B7AC-7DF215DEA114}.Release|Any CPU.Build.0 = Release|Any CPU
		{E0C36C73-A711-1E3E-612C-7C2225EC945C}.Debug|Any CPU.ActiveCfg = Debug|Any CPU
		{E0C36C73-A711-1E3E-612C-7C2225EC945C}.Debug|Any CPU.Build.0 = Debug|Any CPU
		{E0C36C73-A711-1E3E-612C-7C2225EC945C}.Release|Any CPU.ActiveCfg = Release|Any CPU
		{E0C36C73-A711-1E3E-612C-7C2225EC945C}.Release|Any CPU.Build.0 = Release|Any CPU
		{B21056EC-CEEE-B7D9-DB42-1BC17EF6A21D}.Debug|Any CPU.ActiveCfg = Debug|Any CPU
		{B21056EC-CEEE-B7D9-DB42-1BC17EF6A21D}.Debug|Any CPU.Build.0 = Debug|Any CPU
		{B21056EC-CEEE-B7D9-DB42-1BC17EF6A21D}.Release|Any CPU.ActiveCfg = Release|Any CPU
		{B21056EC-CEEE-B7D9-DB42-1BC17EF6A21D}.Release|Any CPU.Build.0 = Release|Any CPU
		{8BE8C022-5DBE-F95F-48EA-8E637FDF5E7A}.Debug|Any CPU.ActiveCfg = Debug|Any CPU
		{8BE8C022-5DBE-F95F-48EA-8E637FDF5E7A}.Debug|Any CPU.Build.0 = Debug|Any CPU
		{8BE8C022-5DBE-F95F-48EA-8E637FDF5E7A}.Release|Any CPU.ActiveCfg = Release|Any CPU
		{8BE8C022-5DBE-F95F-48EA-8E637FDF5E7A}.Release|Any CPU.Build.0 = Release|Any CPU
		{9345958D-4771-3109-CA04-C9B66397992E}.Debug|Any CPU.ActiveCfg = Debug|Any CPU
		{9345958D-4771-3109-CA04-C9B66397992E}.Debug|Any CPU.Build.0 = Debug|Any CPU
		{9345958D-4771-3109-CA04-C9B66397992E}.Release|Any CPU.ActiveCfg = Release|Any CPU
		{9345958D-4771-3109-CA04-C9B66397992E}.Release|Any CPU.Build.0 = Release|Any CPU
		{40DA6A1C-8B6A-1C21-02FE-4929FB8D9EA1}.Debug|Any CPU.ActiveCfg = Debug|Any CPU
		{40DA6A1C-8B6A-1C21-02FE-4929FB8D9EA1}.Debug|Any CPU.Build.0 = Debug|Any CPU
		{40DA6A1C-8B6A-1C21-02FE-4929FB8D9EA1}.Release|Any CPU.ActiveCfg = Release|Any CPU
		{40DA6A1C-8B6A-1C21-02FE-4929FB8D9EA1}.Release|Any CPU.Build.0 = Release|Any CPU
		{52E918CC-9DA9-A5B5-ED9A-FD20FBB3DB74}.Debug|Any CPU.ActiveCfg = Debug|Any CPU
		{52E918CC-9DA9-A5B5-ED9A-FD20FBB3DB74}.Debug|Any CPU.Build.0 = Debug|Any CPU
		{52E918CC-9DA9-A5B5-ED9A-FD20FBB3DB74}.Release|Any CPU.ActiveCfg = Release|Any CPU
		{52E918CC-9DA9-A5B5-ED9A-FD20FBB3DB74}.Release|Any CPU.Build.0 = Release|Any CPU
		{1EBB10A7-2B8A-7DCB-2B11-83E1344F5B17}.Debug|Any CPU.ActiveCfg = Debug|Any CPU
		{1EBB10A7-2B8A-7DCB-2B11-83E1344F5B17}.Debug|Any CPU.Build.0 = Debug|Any CPU
		{1EBB10A7-2B8A-7DCB-2B11-83E1344F5B17}.Release|Any CPU.ActiveCfg = Release|Any CPU
		{1EBB10A7-2B8A-7DCB-2B11-83E1344F5B17}.Release|Any CPU.Build.0 = Release|Any CPU
		{9ED3A1EA-572A-F8A2-A4A8-7D704724323E}.Debug|Any CPU.ActiveCfg = Debug|Any CPU
		{9ED3A1EA-572A-F8A2-A4A8-7D704724323E}.Debug|Any CPU.Build.0 = Debug|Any CPU
		{9ED3A1EA-572A-F8A2-A4A8-7D704724323E}.Release|Any CPU.ActiveCfg = Release|Any CPU
		{9ED3A1EA-572A-F8A2-A4A8-7D704724323E}.Release|Any CPU.Build.0 = Release|Any CPU
		{E0ECA37F-88BD-E671-E65D-19350C94037A}.Debug|Any CPU.ActiveCfg = Debug|Any CPU
		{E0ECA37F-88BD-E671-E65D-19350C94037A}.Debug|Any CPU.Build.0 = Debug|Any CPU
		{E0ECA37F-88BD-E671-E65D-19350C94037A}.Release|Any CPU.ActiveCfg = Release|Any CPU
		{E0ECA37F-88BD-E671-E65D-19350C94037A}.Release|Any CPU.Build.0 = Release|Any CPU
		{BC0340E4-67F7-8BEC-6FFE-371F61C4ED84}.Debug|Any CPU.ActiveCfg = Debug|Any CPU
		{BC0340E4-67F7-8BEC-6FFE-371F61C4ED84}.Debug|Any CPU.Build.0 = Debug|Any CPU
		{BC0340E4-67F7-8BEC-6FFE-371F61C4ED84}.Release|Any CPU.ActiveCfg = Release|Any CPU
		{BC0340E4-67F7-8BEC-6FFE-371F61C4ED84}.Release|Any CPU.Build.0 = Release|Any CPU
		{2D41B943-D8B1-74B0-635A-A73CBE4531A6}.Debug|Any CPU.ActiveCfg = Debug|Any CPU
		{2D41B943-D8B1-74B0-635A-A73CBE4531A6}.Debug|Any CPU.Build.0 = Debug|Any CPU
		{2D41B943-D8B1-74B0-635A-A73CBE4531A6}.Release|Any CPU.ActiveCfg = Release|Any CPU
		{2D41B943-D8B1-74B0-635A-A73CBE4531A6}.Release|Any CPU.Build.0 = Release|Any CPU
		{F86F50C2-5C2F-41DA-9515-3F34F0790452}.Debug|Any CPU.ActiveCfg = Debug|Any CPU
		{F86F50C2-5C2F-41DA-9515-3F34F0790452}.Debug|Any CPU.Build.0 = Debug|Any CPU
		{F86F50C2-5C2F-41DA-9515-3F34F0790452}.Release|Any CPU.ActiveCfg = Release|Any CPU
		{F86F50C2-5C2F-41DA-9515-3F34F0790452}.Release|Any CPU.Build.0 = Release|Any CPU
		{FC6AF0B3-CCA4-1113-5127-053D8038BB55}.Debug|Any CPU.ActiveCfg = Debug|Any CPU
		{FC6AF0B3-CCA4-1113-5127-053D8038BB55}.Debug|Any CPU.Build.0 = Debug|Any CPU
		{FC6AF0B3-CCA4-1113-5127-053D8038BB55}.Release|Any CPU.ActiveCfg = Release|Any CPU
		{FC6AF0B3-CCA4-1113-5127-053D8038BB55}.Release|Any CPU.Build.0 = Release|Any CPU
		{6518C0CE-DE0D-F3EF-401E-CECCADC3577A}.Debug|Any CPU.ActiveCfg = Debug|Any CPU
		{6518C0CE-DE0D-F3EF-401E-CECCADC3577A}.Debug|Any CPU.Build.0 = Debug|Any CPU
		{6518C0CE-DE0D-F3EF-401E-CECCADC3577A}.Release|Any CPU.ActiveCfg = Release|Any CPU
		{6518C0CE-DE0D-F3EF-401E-CECCADC3577A}.Release|Any CPU.Build.0 = Release|Any CPU
		{3BDF9534-7802-E324-431F-16FB1E0702D5}.Debug|Any CPU.ActiveCfg = Debug|Any CPU
		{3BDF9534-7802-E324-431F-16FB1E0702D5}.Debug|Any CPU.Build.0 = Debug|Any CPU
		{3BDF9534-7802-E324-431F-16FB1E0702D5}.Release|Any CPU.ActiveCfg = Release|Any CPU
		{3BDF9534-7802-E324-431F-16FB1E0702D5}.Release|Any CPU.Build.0 = Release|Any CPU
		{8E72AA50-6839-A9CF-8EB9-8D1A3F39E019}.Debug|Any CPU.ActiveCfg = Debug|Any CPU
		{8E72AA50-6839-A9CF-8EB9-8D1A3F39E019}.Debug|Any CPU.Build.0 = Debug|Any CPU
		{8E72AA50-6839-A9CF-8EB9-8D1A3F39E019}.Release|Any CPU.ActiveCfg = Release|Any CPU
		{8E72AA50-6839-A9CF-8EB9-8D1A3F39E019}.Release|Any CPU.Build.0 = Release|Any CPU
		{AF8FD54E-52C3-16D2-5910-3ED7BDD9F4D9}.Debug|Any CPU.ActiveCfg = Debug|Any CPU
		{AF8FD54E-52C3-16D2-5910-3ED7BDD9F4D9}.Debug|Any CPU.Build.0 = Debug|Any CPU
		{AF8FD54E-52C3-16D2-5910-3ED7BDD9F4D9}.Release|Any CPU.ActiveCfg = Release|Any CPU
		{AF8FD54E-52C3-16D2-5910-3ED7BDD9F4D9}.Release|Any CPU.Build.0 = Release|Any CPU
		{096A5D56-4E9C-BC7B-F9AD-C1FD70D05A24}.Debug|Any CPU.ActiveCfg = Debug|Any CPU
		{096A5D56-4E9C-BC7B-F9AD-C1FD70D05A24}.Debug|Any CPU.Build.0 = Debug|Any CPU
		{096A5D56-4E9C-BC7B-F9AD-C1FD70D05A24}.Release|Any CPU.ActiveCfg = Release|Any CPU
		{096A5D56-4E9C-BC7B-F9AD-C1FD70D05A24}.Release|Any CPU.Build.0 = Release|Any CPU
		{086B5E6F-D7E2-4C63-E0C2-19109BB1A476}.Debug|Any CPU.ActiveCfg = Debug|Any CPU
		{086B5E6F-D7E2-4C63-E0C2-19109BB1A476}.Debug|Any CPU.Build.0 = Debug|Any CPU
		{086B5E6F-D7E2-4C63-E0C2-19109BB1A476}.Release|Any CPU.ActiveCfg = Release|Any CPU
		{086B5E6F-D7E2-4C63-E0C2-19109BB1A476}.Release|Any CPU.Build.0 = Release|Any CPU
		{68D24B30-9352-EC5C-9A92-5BD3B8FAFBE6}.Debug|Any CPU.ActiveCfg = Debug|Any CPU
		{68D24B30-9352-EC5C-9A92-5BD3B8FAFBE6}.Debug|Any CPU.Build.0 = Debug|Any CPU
		{68D24B30-9352-EC5C-9A92-5BD3B8FAFBE6}.Release|Any CPU.ActiveCfg = Release|Any CPU
		{68D24B30-9352-EC5C-9A92-5BD3B8FAFBE6}.Release|Any CPU.Build.0 = Release|Any CPU
		{4331F810-D2C4-5FB6-BCA6-33C1D5512659}.Debug|Any CPU.ActiveCfg = Debug|Any CPU
		{4331F810-D2C4-5FB6-BCA6-33C1D5512659}.Debug|Any CPU.Build.0 = Debug|Any CPU
		{4331F810-D2C4-5FB6-BCA6-33C1D5512659}.Release|Any CPU.ActiveCfg = Release|Any CPU
		{4331F810-D2C4-5FB6-BCA6-33C1D5512659}.Release|Any CPU.Build.0 = Release|Any CPU
		{6862EE55-5862-953B-8BEB-76B9E601A668}.Debug|Any CPU.ActiveCfg = Debug|Any CPU
		{6862EE55-5862-953B-8BEB-76B9E601A668}.Debug|Any CPU.Build.0 = Debug|Any CPU
		{6862EE55-5862-953B-8BEB-76B9E601A668}.Release|Any CPU.ActiveCfg = Release|Any CPU
		{6862EE55-5862-953B-8BEB-76B9E601A668}.Release|Any CPU.Build.0 = Release|Any CPU
		{B675605C-6089-77C6-1393-13EFAA5A2705}.Debug|Any CPU.ActiveCfg = Debug|Any CPU
		{B675605C-6089-77C6-1393-13EFAA5A2705}.Debug|Any CPU.Build.0 = Debug|Any CPU
		{B675605C-6089-77C6-1393-13EFAA5A2705}.Release|Any CPU.ActiveCfg = Release|Any CPU
		{B675605C-6089-77C6-1393-13EFAA5A2705}.Release|Any CPU.Build.0 = Release|Any CPU
		{0C46D464-75EF-D470-0932-0C5027CB3E32}.Debug|Any CPU.ActiveCfg = Debug|Any CPU
		{0C46D464-75EF-D470-0932-0C5027CB3E32}.Debug|Any CPU.Build.0 = Debug|Any CPU
		{0C46D464-75EF-D470-0932-0C5027CB3E32}.Release|Any CPU.ActiveCfg = Release|Any CPU
		{0C46D464-75EF-D470-0932-0C5027CB3E32}.Release|Any CPU.Build.0 = Release|Any CPU
		{1A8C1876-E99A-EF2A-78E8-DE641F6F07A0}.Debug|Any CPU.ActiveCfg = Debug|Any CPU
		{1A8C1876-E99A-EF2A-78E8-DE641F6F07A0}.Debug|Any CPU.Build.0 = Debug|Any CPU
		{1A8C1876-E99A-EF2A-78E8-DE641F6F07A0}.Release|Any CPU.ActiveCfg = Release|Any CPU
		{1A8C1876-E99A-EF2A-78E8-DE641F6F07A0}.Release|Any CPU.Build.0 = Release|Any CPU
		{8331A232-6C6F-C5C6-0407-FFB37E85DD05}.Debug|Any CPU.ActiveCfg = Debug|Any CPU
		{8331A232-6C6F-C5C6-0407-FFB37E85DD05}.Debug|Any CPU.Build.0 = Debug|Any CPU
		{8331A232-6C6F-C5C6-0407-FFB37E85DD05}.Release|Any CPU.ActiveCfg = Release|Any CPU
		{8331A232-6C6F-C5C6-0407-FFB37E85DD05}.Release|Any CPU.Build.0 = Release|Any CPU
		{A3C6C786-A195-5561-5368-0BCA7AABEB83}.Debug|Any CPU.ActiveCfg = Debug|Any CPU
		{A3C6C786-A195-5561-5368-0BCA7AABEB83}.Debug|Any CPU.Build.0 = Debug|Any CPU
		{A3C6C786-A195-5561-5368-0BCA7AABEB83}.Release|Any CPU.ActiveCfg = Release|Any CPU
		{A3C6C786-A195-5561-5368-0BCA7AABEB83}.Release|Any CPU.Build.0 = Release|Any CPU
		{9EB2B4C3-E271-AFC2-E813-55CEF393BC12}.Debug|Any CPU.ActiveCfg = Debug|Any CPU
		{9EB2B4C3-E271-AFC2-E813-55CEF393BC12}.Debug|Any CPU.Build.0 = Debug|Any CPU
		{9EB2B4C3-E271-AFC2-E813-55CEF393BC12}.Release|Any CPU.ActiveCfg = Release|Any CPU
		{9EB2B4C3-E271-AFC2-E813-55CEF393BC12}.Release|Any CPU.Build.0 = Release|Any CPU
		{D1D17C87-5265-4E2F-3B1E-BEC1B48A1262}.Debug|Any CPU.ActiveCfg = Debug|Any CPU
		{D1D17C87-5265-4E2F-3B1E-BEC1B48A1262}.Debug|Any CPU.Build.0 = Debug|Any CPU
		{D1D17C87-5265-4E2F-3B1E-BEC1B48A1262}.Release|Any CPU.ActiveCfg = Release|Any CPU
		{D1D17C87-5265-4E2F-3B1E-BEC1B48A1262}.Release|Any CPU.Build.0 = Release|Any CPU
		{C4E11195-04D3-86B0-EB84-751B36C3564C}.Debug|Any CPU.ActiveCfg = Debug|Any CPU
		{C4E11195-04D3-86B0-EB84-751B36C3564C}.Debug|Any CPU.Build.0 = Debug|Any CPU
		{C4E11195-04D3-86B0-EB84-751B36C3564C}.Release|Any CPU.ActiveCfg = Release|Any CPU
		{C4E11195-04D3-86B0-EB84-751B36C3564C}.Release|Any CPU.Build.0 = Release|Any CPU
		{D23C7F9A-650F-2A54-52AB-80D8FA9A1B16}.Debug|Any CPU.ActiveCfg = Debug|Any CPU
		{D23C7F9A-650F-2A54-52AB-80D8FA9A1B16}.Debug|Any CPU.Build.0 = Debug|Any CPU
		{D23C7F9A-650F-2A54-52AB-80D8FA9A1B16}.Release|Any CPU.ActiveCfg = Release|Any CPU
		{D23C7F9A-650F-2A54-52AB-80D8FA9A1B16}.Release|Any CPU.Build.0 = Release|Any CPU
		{EC6C9B0C-5984-AA09-8855-140A59AC241A}.Debug|Any CPU.ActiveCfg = Debug|Any CPU
		{EC6C9B0C-5984-AA09-8855-140A59AC241A}.Debug|Any CPU.Build.0 = Debug|Any CPU
		{EC6C9B0C-5984-AA09-8855-140A59AC241A}.Release|Any CPU.ActiveCfg = Release|Any CPU
		{EC6C9B0C-5984-AA09-8855-140A59AC241A}.Release|Any CPU.Build.0 = Release|Any CPU
		{8A1F5AC6-B95D-10FB-F84E-B075231E4581}.Debug|Any CPU.ActiveCfg = Debug|Any CPU
		{8A1F5AC6-B95D-10FB-F84E-B075231E4581}.Debug|Any CPU.Build.0 = Debug|Any CPU
		{8A1F5AC6-B95D-10FB-F84E-B075231E4581}.Release|Any CPU.ActiveCfg = Release|Any CPU
		{8A1F5AC6-B95D-10FB-F84E-B075231E4581}.Release|Any CPU.Build.0 = Release|Any CPU
		{0D4DECAA-FBBC-F980-31AF-E12B71E24261}.Debug|Any CPU.ActiveCfg = Debug|Any CPU
		{0D4DECAA-FBBC-F980-31AF-E12B71E24261}.Debug|Any CPU.Build.0 = Debug|Any CPU
		{0D4DECAA-FBBC-F980-31AF-E12B71E24261}.Release|Any CPU.ActiveCfg = Release|Any CPU
		{0D4DECAA-FBBC-F980-31AF-E12B71E24261}.Release|Any CPU.Build.0 = Release|Any CPU
		{910DE433-9666-D958-D0FF-3FB062980B85}.Debug|Any CPU.ActiveCfg = Debug|Any CPU
		{910DE433-9666-D958-D0FF-3FB062980B85}.Debug|Any CPU.Build.0 = Debug|Any CPU
		{910DE433-9666-D958-D0FF-3FB062980B85}.Release|Any CPU.ActiveCfg = Release|Any CPU
		{910DE433-9666-D958-D0FF-3FB062980B85}.Release|Any CPU.Build.0 = Release|Any CPU
		{E54FA617-2B4F-BBBD-303A-348062A72EC9}.Debug|Any CPU.ActiveCfg = Debug|Any CPU
		{E54FA617-2B4F-BBBD-303A-348062A72EC9}.Debug|Any CPU.Build.0 = Debug|Any CPU
		{E54FA617-2B4F-BBBD-303A-348062A72EC9}.Release|Any CPU.ActiveCfg = Release|Any CPU
		{E54FA617-2B4F-BBBD-303A-348062A72EC9}.Release|Any CPU.Build.0 = Release|Any CPU
	EndGlobalSection
	GlobalSection(SolutionProperties) = preSolution
		HideSolutionNode = FALSE
	EndGlobalSection
EndGlobal
